
Microsoft Visual Studio Solution File, Format Version 12.00
# Visual Studio 14
VisualStudioVersion = 14.0.25420.1
MinimumVisualStudioVersion = 10.0.40219.1
Project("{FAE04EC0-301F-11D3-BF4B-00C04F79EFBC}") = "COMP2007-S2016-Lesson8C", "COMP2007-S2016-Lesson8C\COMP2007-S2016-Lesson8C.csproj", "{2838AFFA-6DEB-40FB-A665-B8971F8F4C4B}"
EndProject
Project("{FAE04EC0-301F-11D3-BF4B-00C04F79EFBC}") = "COMP2007-S2016-Lesson8C.Tests", "COMP2007-S2016-Lesson8C.Tests\COMP2007-S2016-Lesson8C.Tests.csproj", "{052E2A3B-5068-43D4-9902-208A3B2F8E88}"
EndProject
Global
	GlobalSection(SolutionConfigurationPlatforms) = preSolution
		Debug|Any CPU = Debug|Any CPU
		Release|Any CPU = Release|Any CPU
	EndGlobalSection
	GlobalSection(ProjectConfigurationPlatforms) = postSolution
		{2838AFFA-6DEB-40FB-A665-B8971F8F4C4B}.Debug|Any CPU.ActiveCfg = Debug|Any CPU
		{2838AFFA-6DEB-40FB-A665-B8971F8F4C4B}.Debug|Any CPU.Build.0 = Debug|Any CPU
		{2838AFFA-6DEB-40FB-A665-B8971F8F4C4B}.Release|Any CPU.ActiveCfg = Release|Any CPU
		{2838AFFA-6DEB-40FB-A665-B8971F8F4C4B}.Release|Any CPU.Build.0 = Release|Any CPU
		{052E2A3B-5068-43D4-9902-208A3B2F8E88}.Debug|Any CPU.ActiveCfg = Debug|Any CPU
		{052E2A3B-5068-43D4-9902-208A3B2F8E88}.Debug|Any CPU.Build.0 = Debug|Any CPU
		{052E2A3B-5068-43D4-9902-208A3B2F8E88}.Release|Any CPU.ActiveCfg = Release|Any CPU
		{052E2A3B-5068-43D4-9902-208A3B2F8E88}.Release|Any CPU.Build.0 = Release|Any CPU
	EndGlobalSection
	GlobalSection(SolutionProperties) = preSolution
		HideSolutionNode = FALSE
	EndGlobalSection
EndGlobal
